// !$*UTF8*$!
{
	archiveVersion = 1;
	classes = {
	};
	objectVersion = 48;
	objects = {

/* Begin PBXBuildFile section */
		6BB2E8A720649904005847EB /* AppDelegate.swift in Sources */ = {isa = PBXBuildFile; fileRef = 6BB2E8A620649904005847EB /* AppDelegate.swift */; };
		6BB2E8A920649904005847EB /* ViewController.swift in Sources */ = {isa = PBXBuildFile; fileRef = 6BB2E8A820649904005847EB /* ViewController.swift */; };
		6BB2E8AC20649904005847EB /* Main.storyboard in Resources */ = {isa = PBXBuildFile; fileRef = 6BB2E8AA20649904005847EB /* Main.storyboard */; };
		6BB2E8AE20649904005847EB /* Assets.xcassets in Resources */ = {isa = PBXBuildFile; fileRef = 6BB2E8AD20649904005847EB /* Assets.xcassets */; };
		6BB2E8B120649904005847EB /* LaunchScreen.storyboard in Resources */ = {isa = PBXBuildFile; fileRef = 6BB2E8AF20649904005847EB /* LaunchScreen.storyboard */; };
		6BB2E8BC20649904005847EB /* testTests.swift in Sources */ = {isa = PBXBuildFile; fileRef = 6BB2E8BB20649904005847EB /* testTests.swift */; };
		6BB2E8C720649904005847EB /* testUITests.swift in Sources */ = {isa = PBXBuildFile; fileRef = 6BB2E8C620649904005847EB /* testUITests.swift */; };
/* End PBXBuildFile section */

/* Begin PBXContainerItemProxy section */
		6BB2E8B820649904005847EB /* PBXContainerItemProxy */ = {
			isa = PBXContainerItemProxy;
			containerPortal = 6BB2E89B20649904005847EB /* Project object */;
			proxyType = 1;
			remoteGlobalIDString = 6BB2E8A220649904005847EB;
			remoteInfo = test;
		};
		6BB2E8C320649904005847EB /* PBXContainerItemProxy */ = {
			isa = PBXContainerItemProxy;
			containerPortal = 6BB2E89B20649904005847EB /* Project object */;
			proxyType = 1;
			remoteGlobalIDString = 6BB2E8A220649904005847EB;
			remoteInfo = test;
		};
/* End PBXContainerItemProxy section */

/* Begin PBXFileReference section */
		6BB2E8A320649904005847EB /* test.app */ = {isa = PBXFileReference; explicitFileType = wrapper.application; includeInIndex = 0; path = test.app; sourceTree = BUILT_PRODUCTS_DIR; };
		6BB2E8A620649904005847EB /* AppDelegate.swift */ = {isa = PBXFileReference; lastKnownFileType = sourcecode.swift; path = AppDelegate.swift; sourceTree = "<group>"; };
		6BB2E8A820649904005847EB /* ViewController.swift */ = {isa = PBXFileReference; lastKnownFileType = sourcecode.swift; path = ViewController.swift; sourceTree = "<group>"; };
		6BB2E8AB20649904005847EB /* Base */ = {isa = PBXFileReference; lastKnownFileType = file.storyboard; name = Base; path = Base.lproj/Main.storyboard; sourceTree = "<group>"; };
		6BB2E8AD20649904005847EB /* Assets.xcassets */ = {isa = PBXFileReference; lastKnownFileType = folder.assetcatalog; path = Assets.xcassets; sourceTree = "<group>"; };
		6BB2E8B020649904005847EB /* Base */ = {isa = PBXFileReference; lastKnownFileType = file.storyboard; name = Base; path = Base.lproj/LaunchScreen.storyboard; sourceTree = "<group>"; };
		6BB2E8B220649904005847EB /* Info.plist */ = {isa = PBXFileReference; lastKnownFileType = text.plist.xml; path = Info.plist; sourceTree = "<group>"; };
		6BB2E8B720649904005847EB /* testTests.xctest */ = {isa = PBXFileReference; explicitFileType = wrapper.cfbundle; includeInIndex = 0; path = testTests.xctest; sourceTree = BUILT_PRODUCTS_DIR; };
		6BB2E8BB20649904005847EB /* testTests.swift */ = {isa = PBXFileReference; lastKnownFileType = sourcecode.swift; path = testTests.swift; sourceTree = "<group>"; };
		6BB2E8BD20649904005847EB /* Info.plist */ = {isa = PBXFileReference; lastKnownFileType = text.plist.xml; path = Info.plist; sourceTree = "<group>"; };
		6BB2E8C220649904005847EB /* testUITests.xctest */ = {isa = PBXFileReference; explicitFileType = wrapper.cfbundle; includeInIndex = 0; path = testUITests.xctest; sourceTree = BUILT_PRODUCTS_DIR; };
		6BB2E8C620649904005847EB /* testUITests.swift */ = {isa = PBXFileReference; lastKnownFileType = sourcecode.swift; path = testUITests.swift; sourceTree = "<group>"; };
		6BB2E8C820649904005847EB /* Info.plist */ = {isa = PBXFileReference; lastKnownFileType = text.plist.xml; path = Info.plist; sourceTree = "<group>"; };
/* End PBXFileReference section */

/* Begin PBXFrameworksBuildPhase section */
		6BB2E8A020649904005847EB /* Frameworks */ = {
			isa = PBXFrameworksBuildPhase;
			buildActionMask = 2147483647;
			files = (
			);
			runOnlyForDeploymentPostprocessing = 0;
		};
		6BB2E8B420649904005847EB /* Frameworks */ = {
			isa = PBXFrameworksBuildPhase;
			buildActionMask = 2147483647;
			files = (
			);
			runOnlyForDeploymentPostprocessing = 0;
		};
		6BB2E8BF20649904005847EB /* Frameworks */ = {
			isa = PBXFrameworksBuildPhase;
			buildActionMask = 2147483647;
			files = (
			);
			runOnlyForDeploymentPostprocessing = 0;
		};
/* End PBXFrameworksBuildPhase section */

/* Begin PBXGroup section */
		6BB2E89A20649904005847EB = {
			isa = PBXGroup;
			children = (
				6BB2E8A520649904005847EB /* test */,
				6BB2E8BA20649904005847EB /* testTests */,
				6BB2E8C520649904005847EB /* testUITests */,
				6BB2E8A420649904005847EB /* Products */,
			);
			sourceTree = "<group>";
		};
		6BB2E8A420649904005847EB /* Products */ = {
			isa = PBXGroup;
			children = (
				6BB2E8A320649904005847EB /* test.app */,
				6BB2E8B720649904005847EB /* testTests.xctest */,
				6BB2E8C220649904005847EB /* testUITests.xctest */,
			);
			name = Products;
			sourceTree = "<group>";
		};
		6BB2E8A520649904005847EB /* test */ = {
			isa = PBXGroup;
			children = (
				6BB2E8A620649904005847EB /* AppDelegate.swift */,
				6BB2E8A820649904005847EB /* ViewController.swift */,
				6BB2E8AA20649904005847EB /* Main.storyboard */,
				6BB2E8AD20649904005847EB /* Assets.xcassets */,
				6BB2E8AF20649904005847EB /* LaunchScreen.storyboard */,
				6BB2E8B220649904005847EB /* Info.plist */,
			);
			path = test;
			sourceTree = "<group>";
		};
		6BB2E8BA20649904005847EB /* testTests */ = {
			isa = PBXGroup;
			children = (
				6BB2E8BB20649904005847EB /* testTests.swift */,
				6BB2E8BD20649904005847EB /* Info.plist */,
			);
			path = testTests;
			sourceTree = "<group>";
		};
		6BB2E8C520649904005847EB /* testUITests */ = {
			isa = PBXGroup;
			children = (
				6BB2E8C620649904005847EB /* testUITests.swift */,
				6BB2E8C820649904005847EB /* Info.plist */,
			);
			path = testUITests;
			sourceTree = "<group>";
		};
/* End PBXGroup section */

/* Begin PBXNativeTarget section */
		6BB2E8A220649904005847EB /* test */ = {
			isa = PBXNativeTarget;
			buildConfigurationList = 6BB2E8CB20649904005847EB /* Build configuration list for PBXNativeTarget "test" */;
			buildPhases = (
				6BB2E89F20649904005847EB /* Sources */,
				6BB2E8A020649904005847EB /* Frameworks */,
				6BB2E8A120649904005847EB /* Resources */,
			);
			buildRules = (
			);
			dependencies = (
			);
			name = test;
			productName = test;
			productReference = 6BB2E8A320649904005847EB /* test.app */;
			productType = "com.apple.product-type.application";
		};
		6BB2E8B620649904005847EB /* testTests */ = {
			isa = PBXNativeTarget;
			buildConfigurationList = 6BB2E8CE20649904005847EB /* Build configuration list for PBXNativeTarget "testTests" */;
			buildPhases = (
				6BB2E8B320649904005847EB /* Sources */,
				6BB2E8B420649904005847EB /* Frameworks */,
				6BB2E8B520649904005847EB /* Resources */,
			);
			buildRules = (
			);
			dependencies = (
				6BB2E8B920649904005847EB /* PBXTargetDependency */,
			);
			name = testTests;
			productName = testTests;
			productReference = 6BB2E8B720649904005847EB /* testTests.xctest */;
			productType = "com.apple.product-type.bundle.unit-test";
		};
		6BB2E8C120649904005847EB /* testUITests */ = {
			isa = PBXNativeTarget;
			buildConfigurationList = 6BB2E8D120649904005847EB /* Build configuration list for PBXNativeTarget "testUITests" */;
			buildPhases = (
				6BB2E8BE20649904005847EB /* Sources */,
				6BB2E8BF20649904005847EB /* Frameworks */,
				6BB2E8C020649904005847EB /* Resources */,
			);
			buildRules = (
			);
			dependencies = (
				6BB2E8C420649904005847EB /* PBXTargetDependency */,
			);
			name = testUITests;
			productName = testUITests;
			productReference = 6BB2E8C220649904005847EB /* testUITests.xctest */;
			productType = "com.apple.product-type.bundle.ui-testing";
		};
/* End PBXNativeTarget section */

/* Begin PBXProject section */
		6BB2E89B20649904005847EB /* Project object */ = {
			isa = PBXProject;
			attributes = {
				LastSwiftUpdateCheck = 0920;
				LastUpgradeCheck = 0920;
				ORGANIZATIONNAME = Lworld;
				TargetAttributes = {
					6BB2E8A220649904005847EB = {
						CreatedOnToolsVersion = 9.2;
						ProvisioningStyle = Automatic;
					};
					6BB2E8B620649904005847EB = {
						CreatedOnToolsVersion = 9.2;
						ProvisioningStyle = Automatic;
						TestTargetID = 6BB2E8A220649904005847EB;
					};
					6BB2E8C120649904005847EB = {
						CreatedOnToolsVersion = 9.2;
						ProvisioningStyle = Automatic;
						TestTargetID = 6BB2E8A220649904005847EB;
					};
				};
			};
			buildConfigurationList = 6BB2E89E20649904005847EB /* Build configuration list for PBXProject "test" */;
			compatibilityVersion = "Xcode 8.0";
			developmentRegion = en;
			hasScannedForEncodings = 0;
			knownRegions = (
				en,
				Base,
			);
			mainGroup = 6BB2E89A20649904005847EB;
			productRefGroup = 6BB2E8A420649904005847EB /* Products */;
			projectDirPath = "";
			projectRoot = "";
			targets = (
				6BB2E8A220649904005847EB /* test */,
				6BB2E8B620649904005847EB /* testTests */,
				6BB2E8C120649904005847EB /* testUITests */,
			);
		};
/* End PBXProject section */

/* Begin PBXResourcesBuildPhase section */
		6BB2E8A120649904005847EB /* Resources */ = {
			isa = PBXResourcesBuildPhase;
			buildActionMask = 2147483647;
			files = (
				6BB2E8B120649904005847EB /* LaunchScreen.storyboard in Resources */,
				6BB2E8AE20649904005847EB /* Assets.xcassets in Resources */,
				6BB2E8AC20649904005847EB /* Main.storyboard in Resources */,
			);
			runOnlyForDeploymentPostprocessing = 0;
		};
		6BB2E8B520649904005847EB /* Resources */ = {
			isa = PBXResourcesBuildPhase;
			buildActionMask = 2147483647;
			files = (
			);
			runOnlyForDeploymentPostprocessing = 0;
		};
		6BB2E8C020649904005847EB /* Resources */ = {
			isa = PBXResourcesBuildPhase;
			buildActionMask = 2147483647;
			files = (
			);
			runOnlyForDeploymentPostprocessing = 0;
		};
/* End PBXResourcesBuildPhase section */

/* Begin PBXSourcesBuildPhase section */
		6BB2E89F20649904005847EB /* Sources */ = {
			isa = PBXSourcesBuildPhase;
			buildActionMask = 2147483647;
			files = (
				6BB2E8A920649904005847EB /* ViewController.swift in Sources */,
				6BB2E8A720649904005847EB /* AppDelegate.swift in Sources */,
			);
			runOnlyForDeploymentPostprocessing = 0;
		};
		6BB2E8B320649904005847EB /* Sources */ = {
			isa = PBXSourcesBuildPhase;
			buildActionMask = 2147483647;
			files = (
				6BB2E8BC20649904005847EB /* testTests.swift in Sources */,
			);
			runOnlyForDeploymentPostprocessing = 0;
		};
		6BB2E8BE20649904005847EB /* Sources */ = {
			isa = PBXSourcesBuildPhase;
			buildActionMask = 2147483647;
			files = (
				6BB2E8C720649904005847EB /* testUITests.swift in Sources */,
			);
			runOnlyForDeploymentPostprocessing = 0;
		};
/* End PBXSourcesBuildPhase section */

/* Begin PBXTargetDependency section */
		6BB2E8B920649904005847EB /* PBXTargetDependency */ = {
			isa = PBXTargetDependency;
			target = 6BB2E8A220649904005847EB /* test */;
			targetProxy = 6BB2E8B820649904005847EB /* PBXContainerItemProxy */;
		};
		6BB2E8C420649904005847EB /* PBXTargetDependency */ = {
			isa = PBXTargetDependency;
			target = 6BB2E8A220649904005847EB /* test */;
			targetProxy = 6BB2E8C320649904005847EB /* PBXContainerItemProxy */;
		};
/* End PBXTargetDependency section */

/* Begin PBXVariantGroup section */
		6BB2E8AA20649904005847EB /* Main.storyboard */ = {
			isa = PBXVariantGroup;
			children = (
				6BB2E8AB20649904005847EB /* Base */,
			);
			name = Main.storyboard;
			sourceTree = "<group>";
		};
		6BB2E8AF20649904005847EB /* LaunchScreen.storyboard */ = {
			isa = PBXVariantGroup;
			children = (
				6BB2E8B020649904005847EB /* Base */,
			);
			name = LaunchScreen.storyboard;
			sourceTree = "<group>";
		};
/* End PBXVariantGroup section */

/* Begin XCBuildConfiguration section */
		6BB2E8C920649904005847EB /* Debug */ = {
			isa = XCBuildConfiguration;
			buildSettings = {
				ALWAYS_SEARCH_USER_PATHS = NO;
				CLANG_ANALYZER_NONNULL = YES;
				CLANG_ANALYZER_NUMBER_OBJECT_CONVERSION = YES_AGGRESSIVE;
				CLANG_CXX_LANGUAGE_STANDARD = "gnu++14";
				CLANG_CXX_LIBRARY = "libc++";
				CLANG_ENABLE_MODULES = YES;
				CLANG_ENABLE_OBJC_ARC = YES;
				CLANG_WARN_BLOCK_CAPTURE_AUTORELEASING = YES;
				CLANG_WARN_BOOL_CONVERSION = YES;
				CLANG_WARN_COMMA = YES;
				CLANG_WARN_CONSTANT_CONVERSION = YES;
				CLANG_WARN_DIRECT_OBJC_ISA_USAGE = YES_ERROR;
				CLANG_WARN_DOCUMENTATION_COMMENTS = YES;
				CLANG_WARN_EMPTY_BODY = YES;
				CLANG_WARN_ENUM_CONVERSION = YES;
				CLANG_WARN_INFINITE_RECURSION = YES;
				CLANG_WARN_INT_CONVERSION = YES;
				CLANG_WARN_NON_LITERAL_NULL_CONVERSION = YES;
				CLANG_WARN_OBJC_LITERAL_CONVERSION = YES;
				CLANG_WARN_OBJC_ROOT_CLASS = YES_ERROR;
				CLANG_WARN_RANGE_LOOP_ANALYSIS = YES;
				CLANG_WARN_STRICT_PROTOTYPES = YES;
				CLANG_WARN_SUSPICIOUS_MOVE = YES;
				CLANG_WARN_UNGUARDED_AVAILABILITY = YES_AGGRESSIVE;
				CLANG_WARN_UNREACHABLE_CODE = YES;
				CLANG_WARN__DUPLICATE_METHOD_MATCH = YES;
				CODE_SIGN_IDENTITY = "iPhone Developer";
				COPY_PHASE_STRIP = NO;
				DEBUG_INFORMATION_FORMAT = dwarf;
				ENABLE_STRICT_OBJC_MSGSEND = YES;
				ENABLE_TESTABILITY = YES;
				GCC_C_LANGUAGE_STANDARD = gnu11;
				GCC_DYNAMIC_NO_PIC = NO;
				GCC_NO_COMMON_BLOCKS = YES;
				GCC_OPTIMIZATION_LEVEL = 0;
				GCC_PREPROCESSOR_DEFINITIONS = (
					"DEBUG=1",
					"$(inherited)",
				);
				GCC_WARN_64_TO_32_BIT_CONVERSION = YES;
				GCC_WARN_ABOUT_RETURN_TYPE = YES_ERROR;
				GCC_WARN_UNDECLARED_SELECTOR = YES;
				GCC_WARN_UNINITIALIZED_AUTOS = YES_AGGRESSIVE;
				GCC_WARN_UNUSED_FUNCTION = YES;
				GCC_WARN_UNUSED_VARIABLE = YES;
				IPHONEOS_DEPLOYMENT_TARGET = 11.2;
				MTL_ENABLE_DEBUG_INFO = YES;
				ONLY_ACTIVE_ARCH = YES;
				SDKROOT = iphoneos;
				SWIFT_ACTIVE_COMPILATION_CONDITIONS = DEBUG;
				SWIFT_OPTIMIZATION_LEVEL = "-Onone";
			};
			name = Debug;
		};
		6BB2E8CA20649904005847EB /* Release */ = {
			isa = XCBuildConfiguration;
			buildSettings = {
				ALWAYS_SEARCH_USER_PATHS = NO;
				CLANG_ANALYZER_NONNULL = YES;
				CLANG_ANALYZER_NUMBER_OBJECT_CONVERSION = YES_AGGRESSIVE;
				CLANG_CXX_LANGUAGE_STANDARD = "gnu++14";
				CLANG_CXX_LIBRARY = "libc++";
				CLANG_ENABLE_MODULES = YES;
				CLANG_ENABLE_OBJC_ARC = YES;
				CLANG_WARN_BLOCK_CAPTURE_AUTORELEASING = YES;
				CLANG_WARN_BOOL_CONVERSION = YES;
				CLANG_WARN_COMMA = YES;
				CLANG_WARN_CONSTANT_CONVERSION = YES;
				CLANG_WARN_DIRECT_OBJC_ISA_USAGE = YES_ERROR;
				CLANG_WARN_DOCUMENTATION_COMMENTS = YES;
				CLANG_WARN_EMPTY_BODY = YES;
				CLANG_WARN_ENUM_CONVERSION = YES;
				CLANG_WARN_INFINITE_RECURSION = YES;
				CLANG_WARN_INT_CONVERSION = YES;
				CLANG_WARN_NON_LITERAL_NULL_CONVERSION = YES;
				CLANG_WARN_OBJC_LITERAL_CONVERSION = YES;
				CLANG_WARN_OBJC_ROOT_CLASS = YES_ERROR;
				CLANG_WARN_RANGE_LOOP_ANALYSIS = YES;
				CLANG_WARN_STRICT_PROTOTYPES = YES;
				CLANG_WARN_SUSPICIOUS_MOVE = YES;
				CLANG_WARN_UNGUARDED_AVAILABILITY = YES_AGGRESSIVE;
				CLANG_WARN_UNREACHABLE_CODE = YES;
				CLANG_WARN__DUPLICATE_METHOD_MATCH = YES;
				CODE_SIGN_IDENTITY = "iPhone Developer";
				COPY_PHASE_STRIP = NO;
				DEBUG_INFORMATION_FORMAT = "dwarf-with-dsym";
				ENABLE_NS_ASSERTIONS = NO;
				ENABLE_STRICT_OBJC_MSGSEND = YES;
				GCC_C_LANGUAGE_STANDARD = gnu11;
				GCC_NO_COMMON_BLOCKS = YES;
				GCC_WARN_64_TO_32_BIT_CONVERSION = YES;
				GCC_WARN_ABOUT_RETURN_TYPE = YES_ERROR;
				GCC_WARN_UNDECLARED_SELECTOR = YES;
				GCC_WARN_UNINITIALIZED_AUTOS = YES_AGGRESSIVE;
				GCC_WARN_UNUSED_FUNCTION = YES;
				GCC_WARN_UNUSED_VARIABLE = YES;
				IPHONEOS_DEPLOYMENT_TARGET = 11.2;
				MTL_ENABLE_DEBUG_INFO = NO;
				SDKROOT = iphoneos;
				SWIFT_OPTIMIZATION_LEVEL = "-Owholemodule";
				VALIDATE_PRODUCT = YES;
			};
			name = Release;
		};
		6BB2E8CC20649904005847EB /* Debug */ = {
			isa = XCBuildConfiguration;
			buildSettings = {
				ASSETCATALOG_COMPILER_APPICON_NAME = AppIcon;
				CODE_SIGN_STYLE = Automatic;
				INFOPLIST_FILE = test/Info.plist;
				LD_RUNPATH_SEARCH_PATHS = "$(inherited) @executable_path/Frameworks";
				PRODUCT_BUNDLE_IDENTIFIER = com.lworld.test;
				PRODUCT_NAME = "$(TARGET_NAME)";
				SWIFT_VERSION = 4.0;
				TARGETED_DEVICE_FAMILY = "1,2";
			};
			name = Debug;
		};
		6BB2E8CD20649904005847EB /* Release */ = {
			isa = XCBuildConfiguration;
			buildSettings = {
				ASSETCATALOG_COMPILER_APPICON_NAME = AppIcon;
				CODE_SIGN_STYLE = Automatic;
				INFOPLIST_FILE = test/Info.plist;
				LD_RUNPATH_SEARCH_PATHS = "$(inherited) @executable_path/Frameworks";
				PRODUCT_BUNDLE_IDENTIFIER = com.lworld.test;
				PRODUCT_NAME = "$(TARGET_NAME)";
				SWIFT_VERSION = 4.0;
				TARGETED_DEVICE_FAMILY = "1,2";
			};
			name = Release;
		};
		6BB2E8CF20649904005847EB /* Debug */ = {
			isa = XCBuildConfiguration;
			buildSettings = {
				ALWAYS_EMBED_SWIFT_STANDARD_LIBRARIES = YES;
				BUNDLE_LOADER = "$(TEST_HOST)";
				CODE_SIGN_STYLE = Automatic;
				INFOPLIST_FILE = testTests/Info.plist;
				LD_RUNPATH_SEARCH_PATHS = "$(inherited) @executable_path/Frameworks @loader_path/Frameworks";
				PRODUCT_BUNDLE_IDENTIFIER = com.lworld.testTests;
				PRODUCT_NAME = "$(TARGET_NAME)";
				SWIFT_VERSION = 4.0;
				TARGETED_DEVICE_FAMILY = "1,2";
				TEST_HOST = "$(BUILT_PRODUCTS_DIR)/test.app/test";
			};
			name = Debug;
		};
		6BB2E8D020649904005847EB /* Release */ = {
			isa = XCBuildConfiguration;
			buildSettings = {
				ALWAYS_EMBED_SWIFT_STANDARD_LIBRARIES = YES;
				BUNDLE_LOADER = "$(TEST_HOST)";
				CODE_SIGN_STYLE = Automatic;
				INFOPLIST_FILE = testTests/Info.plist;
				LD_RUNPATH_SEARCH_PATHS = "$(inherited) @executable_path/Frameworks @loader_path/Frameworks";
				PRODUCT_BUNDLE_IDENTIFIER = com.lworld.testTests;
				PRODUCT_NAME = "$(TARGET_NAME)";
				SWIFT_VERSION = 4.0;
				TARGETED_DEVICE_FAMILY = "1,2";
				TEST_HOST = "$(BUILT_PRODUCTS_DIR)/test.app/test";
			};
			name = Release;
		};
		6BB2E8D220649904005847EB /* Debug */ = {
			isa = XCBuildConfiguration;
			buildSettings = {
				ALWAYS_EMBED_SWIFT_STANDARD_LIBRARIES = YES;
				CODE_SIGN_STYLE = Automatic;
				INFOPLIST_FILE = testUITests/Info.plist;
				LD_RUNPATH_SEARCH_PATHS = "$(inherited) @executable_path/Frameworks @loader_path/Frameworks";
				PRODUCT_BUNDLE_IDENTIFIER = com.lworld.testUITests;
				PRODUCT_NAME = "$(TARGET_NAME)";
				SWIFT_VERSION = 4.0;
				TARGETED_DEVICE_FAMILY = "1,2";
				TEST_TARGET_NAME = test;
			};
			name = Debug;
		};
		6BB2E8D320649904005847EB /* Release */ = {
			isa = XCBuildConfiguration;
			buildSettings = {
				ALWAYS_EMBED_SWIFT_STANDARD_LIBRARIES = YES;
				CODE_SIGN_STYLE = Automatic;
				INFOPLIST_FILE = testUITests/Info.plist;
				LD_RUNPATH_SEARCH_PATHS = "$(inherited) @executable_path/Frameworks @loader_path/Frameworks";
				PRODUCT_BUNDLE_IDENTIFIER = com.lworld.testUITests;
				PRODUCT_NAME = "$(TARGET_NAME)";
				SWIFT_VERSION = 4.0;
				TARGETED_DEVICE_FAMILY = "1,2";
				TEST_TARGET_NAME = test;
			};
			name = Release;
		};
/* End XCBuildConfiguration section */

/* Begin XCConfigurationList section */
		6BB2E89E20649904005847EB /* Build configuration list for PBXProject "test" */ = {
			isa = XCConfigurationList;
			buildConfigurations = (
				6BB2E8C920649904005847EB /* Debug */,
				6BB2E8CA20649904005847EB /* Release */,
			);
			defaultConfigurationIsVisible = 0;
			defaultConfigurationName = Release;
		};
		6BB2E8CB20649904005847EB /* Build configuration list for PBXNativeTarget "test" */ = {
			isa = XCConfigurationList;
			buildConfigurations = (
				6BB2E8CC20649904005847EB /* Debug */,
				6BB2E8CD20649904005847EB /* Release */,
			);
			defaultConfigurationIsVisible = 0;
			defaultConfigurationName = Release;
		};
		6BB2E8CE20649904005847EB /* Build configuration list for PBXNativeTarget "testTests" */ = {
			isa = XCConfigurationList;
			buildConfigurations = (
				6BB2E8CF20649904005847EB /* Debug */,
				6BB2E8D020649904005847EB /* Release */,
			);
			defaultConfigurationIsVisible = 0;
			defaultConfigurationName = Release;
		};
		6BB2E8D120649904005847EB /* Build configuration list for PBXNativeTarget "testUITests" */ = {
			isa = XCConfigurationList;
			buildConfigurations = (
				6BB2E8D220649904005847EB /* Debug */,
				6BB2E8D320649904005847EB /* Release */,
			);
			defaultConfigurationIsVisible = 0;
			defaultConfigurationName = Release;
		};
/* End XCConfigurationList section */
	};
	rootObject = 6BB2E89B20649904005847EB /* Project object */;
}
